
Microsoft Visual Studio Solution File, Format Version 12.00
# Visual Studio Version 17
VisualStudioVersion = 17.7.34302.85
MinimumVisualStudioVersion = 10.0.40219.1
Project("{FAE04EC0-301F-11D3-BF4B-00C04F79EFBC}") = "ChessOOP", "ChessOOP\ChessOOP.csproj", "{D3AEC1DC-6046-42B1-8EA5-C7BE8B8DABAA}"
EndProject
Global
	GlobalSection(SolutionConfigurationPlatforms) = preSolution
		Debug|Any CPU = Debug|Any CPU
		Release|Any CPU = Release|Any CPU
	EndGlobalSection
	GlobalSection(ProjectConfigurationPlatforms) = postSolution
		{D3AEC1DC-6046-42B1-8EA5-C7BE8B8DABAA}.Debug|Any CPU.ActiveCfg = Debug|Any CPU
		{D3AEC1DC-6046-42B1-8EA5-C7BE8B8DABAA}.Debug|Any CPU.Build.0 = Debug|Any CPU
		{D3AEC1DC-6046-42B1-8EA5-C7BE8B8DABAA}.Release|Any CPU.ActiveCfg = Release|Any CPU
		{D3AEC1DC-6046-42B1-8EA5-C7BE8B8DABAA}.Release|Any CPU.Build.0 = Release|Any CPU
	EndGlobalSection
	GlobalSection(SolutionProperties) = preSolution
		HideSolutionNode = FALSE
	EndGlobalSection
	GlobalSection(ExtensibilityGlobals) = postSolution
		SolutionGuid = {B0B43C8F-BB72-4E6D-B9B4-256651C2274D}
	EndGlobalSection
EndGlobal
